
Microsoft Visual Studio Solution File, Format Version 12.00
# Visual Studio Version 16
VisualStudioVersion = 16.0.31729.503
MinimumVisualStudioVersion = 10.0.40219.1
Project("{FAE04EC0-301F-11D3-BF4B-00C04F79EFBC}") = "Hafta2", "Hafta2\Hafta2.csproj", "{1A0E8A6F-77E3-466C-893D-FA3408AEF8B0}"
EndProject
Global
	GlobalSection(SolutionConfigurationPlatforms) = preSolution
		Debug|Any CPU = Debug|Any CPU
		Release|Any CPU = Release|Any CPU
	EndGlobalSection
	GlobalSection(ProjectConfigurationPlatforms) = postSolution
		{1A0E8A6F-77E3-466C-893D-FA3408AEF8B0}.Debug|Any CPU.ActiveCfg = Debug|Any CPU
		{1A0E8A6F-77E3-466C-893D-FA3408AEF8B0}.Debug|Any CPU.Build.0 = Debug|Any CPU
		{1A0E8A6F-77E3-466C-893D-FA3408AEF8B0}.Release|Any CPU.ActiveCfg = Release|Any CPU
		{1A0E8A6F-77E3-466C-893D-FA3408AEF8B0}.Release|Any CPU.Build.0 = Release|Any CPU
	EndGlobalSection
	GlobalSection(SolutionProperties) = preSolution
		HideSolutionNode = FALSE
	EndGlobalSection
	GlobalSection(ExtensibilityGlobals) = postSolution
		SolutionGuid = {7EC930E5-9678-4B53-BB63-4A260AE3C0B4}
	EndGlobalSection
EndGlobal
